
Microsoft Visual Studio Solution File, Format Version 12.00
# Visual Studio Version 17
VisualStudioVersion = 17.2.32616.157
MinimumVisualStudioVersion = 10.0.40219.1
Project("{FAE04EC0-301F-11D3-BF4B-00C04F79EFBC}") = "Counter", "Counter\Counter.csproj", "{12DF49C2-EFC1-484A-8C38-10ACB048C753}"
EndProject
Global
	GlobalSection(SolutionConfigurationPlatforms) = preSolution
		Debug|Any CPU = Debug|Any CPU
		Release|Any CPU = Release|Any CPU
	EndGlobalSection
	GlobalSection(ProjectConfigurationPlatforms) = postSolution
		{12DF49C2-EFC1-484A-8C38-10ACB048C753}.Debug|Any CPU.ActiveCfg = Debug|Any CPU
		{12DF49C2-EFC1-484A-8C38-10ACB048C753}.Debug|Any CPU.Build.0 = Debug|Any CPU
		{12DF49C2-EFC1-484A-8C38-10ACB048C753}.Release|Any CPU.ActiveCfg = Release|Any CPU
		{12DF49C2-EFC1-484A-8C38-10ACB048C753}.Release|Any CPU.Build.0 = Release|Any CPU
	EndGlobalSection
	GlobalSection(SolutionProperties) = preSolution
		HideSolutionNode = FALSE
	EndGlobalSection
	GlobalSection(ExtensibilityGlobals) = postSolution
		SolutionGuid = {856AE832-82E5-43DF-8960-B24BA8B87946}
	EndGlobalSection
EndGlobal
